
Microsoft Visual Studio Solution File, Format Version 12.00
# Visual Studio 15
VisualStudioVersion = 15.0.26730.16
MinimumVisualStudioVersion = 10.0.40219.1
Project("{2150E333-8FDC-42A3-9474-1A3956D46DE8}") = "Libraries", "Libraries", "{A6B7EBDF-8BF2-4F41-BE3F-69F9B35CD93F}"
EndProject
Project("{8BC9CEB8-8B4A-11D0-8D11-00A0C91BC942}") = "libbitcoin_server", "Libraries\libbitcoin_server\libbitcoin_server.vcxproj", "{9D1EABE0-6C86-4C1D-BAE3-8267A50D69D8}"
EndProject
Project("{8BC9CEB8-8B4A-11D0-8D11-00A0C91BC942}") = "libbitcoin_wallet", "Libraries\libbitcoin_wallet\libbitcoin_wallet.vcxproj", "{0C0B083C-0C90-4622-8738-192D1497B698}"
EndProject
Project("{8BC9CEB8-8B4A-11D0-8D11-00A0C91BC942}") = "libbitcoin_common", "Libraries\libbitcoin_common\libbitcoin_common.vcxproj", "{0D6A41A6-100A-49FC-978E-FDF5CE60245C}"
EndProject
Project("{2150E333-8FDC-42A3-9474-1A3956D46DE8}") = "Dependencies", "Dependencies", "{55F639D7-F21B-44C4-9D6F-856B0F8633A9}"
EndProject
Project("{8BC9CEB8-8B4A-11D0-8D11-00A0C91BC942}") = "libunivalue", "Dependencies\libunivalue\libunivalue.vcxproj", "{E09C0D69-E758-4DA6-8D94-B50805320B3F}"
EndProject
Project("{8BC9CEB8-8B4A-11D0-8D11-00A0C91BC942}") = "libbitcoin_util", "Libraries\libbitcoin_util\libbitcoin_util.vcxproj", "{B8853553-2693-4478-8333-D09025F5905A}"
EndProject
Project("{8BC9CEB8-8B4A-11D0-8D11-00A0C91BC942}") = "libbitcoin_zmq", "Libraries\libbitcoin_zmq\libbitcoin_zmq.vcxproj", "{28837D07-3CAD-4099-9549-8407B8F0D398}"
EndProject
Project("{8BC9CEB8-8B4A-11D0-8D11-00A0C91BC942}") = "libbitcoin_consensus", "Libraries\libbitcoin_consensus\libbitcoin_consensus.vcxproj", "{A40CB949-DE40-4303-8092-CE8F68161615}"
EndProject
Project("{8BC9CEB8-8B4A-11D0-8D11-00A0C91BC942}") = "libbitcoin_crypto", "Libraries\libbitcoin_crypto\libbitcoin_crypto.vcxproj", "{3912CF1A-F9C1-4E4B-931E-E04AA9002657}"
EndProject
Project("{8BC9CEB8-8B4A-11D0-8D11-00A0C91BC942}") = "libleveldb", "Dependencies\libleveldb\libleveldb.vcxproj", "{922C3B12-01CE-4B2D-9CF8-27D61B6BB15C}"
EndProject
Project("{8BC9CEB8-8B4A-11D0-8D11-00A0C91BC942}") = "libleveldb_sse42", "Dependencies\libleveldb_sse42\libleveldb_sse42.vcxproj", "{5D1AFCA2-371A-4FA1-8F74-6191ED5E3679}"
EndProject
Project("{8BC9CEB8-8B4A-11D0-8D11-00A0C91BC942}") = "libmemenv", "Dependencies\libmemenv\libmemenv.vcxproj", "{7F8FD567-293C-4675-8A26-7AED97F307F4}"
EndProject
Project("{8BC9CEB8-8B4A-11D0-8D11-00A0C91BC942}") = "libbitcoin_cli", "Libraries\libbitcoin_cli\libbitcoin_cli.vcxproj", "{C11C3FBE-24EB-4680-BB36-C62C968E8EE7}"
EndProject
Project("{2150E333-8FDC-42A3-9474-1A3956D46DE8}") = "Executables", "Executables", "{6B0DB24D-88E3-4EA7-9609-5949C39516D4}"
EndProject
Project("{8BC9CEB8-8B4A-11D0-8D11-00A0C91BC942}") = "bitcoind", "Executables\bitcoind\bitcoind.vcxproj", "{440F6F46-B59A-49F4-8C5E-75D41455D7A7}"
EndProject
Project("{8BC9CEB8-8B4A-11D0-8D11-00A0C91BC942}") = "libsecp256k1", "Dependencies\libsecp256k1\libsecp256k1.vcxproj", "{66677D9F-58B5-466E-AC31-3E6690915A44}"
EndProject
Project("{8BC9CEB8-8B4A-11D0-8D11-00A0C91BC942}") = "bitcoin_cli", "Executables\bitcoin_cli\bitcoin_cli.vcxproj", "{28048A59-C173-430E-9A41-4F7DA19A368E}"
EndProject
Project("{8BC9CEB8-8B4A-11D0-8D11-00A0C91BC942}") = "bitcoin_tx", "Executables\bitcoin_tx\bitcoin_tx.vcxproj", "{6DA2D20B-BF14-41DB-A50F-B40426588FCE}"
EndProject
Project("{8BC9CEB8-8B4A-11D0-8D11-00A0C91BC942}") = "libbitcoinqt", "Libraries\libbitcoinqt\libbitcoinqt.vcxproj", "{34D3E449-A36E-4F30-B7DF-1A6B73979566}"
EndProject
Project("{8BC9CEB8-8B4A-11D0-8D11-00A0C91BC942}") = "bitcoin_qt", "Executables\bitcoin_qt\bitcoin_qt.vcxproj", "{B12702AD-ABFB-343A-A199-8E24837244A3}"
EndProject
Global
	GlobalSection(SolutionConfigurationPlatforms) = preSolution
		Debug|x64 = Debug|x64
		Debug|x86 = Debug|x86
		Release|x64 = Release|x64
		Release|x86 = Release|x86
	EndGlobalSection
	GlobalSection(ProjectConfigurationPlatforms) = postSolution
		{9D1EABE0-6C86-4C1D-BAE3-8267A50D69D8}.Debug|x64.ActiveCfg = Debug|x64
		{9D1EABE0-6C86-4C1D-BAE3-8267A50D69D8}.Debug|x64.Build.0 = Debug|x64
		{9D1EABE0-6C86-4C1D-BAE3-8267A50D69D8}.Debug|x86.ActiveCfg = Debug|Win32
		{9D1EABE0-6C86-4C1D-BAE3-8267A50D69D8}.Debug|x86.Build.0 = Debug|Win32
		{9D1EABE0-6C86-4C1D-BAE3-8267A50D69D8}.Release|x64.ActiveCfg = Release|x64
		{9D1EABE0-6C86-4C1D-BAE3-8267A50D69D8}.Release|x64.Build.0 = Release|x64
		{9D1EABE0-6C86-4C1D-BAE3-8267A50D69D8}.Release|x86.ActiveCfg = Release|Win32
		{9D1EABE0-6C86-4C1D-BAE3-8267A50D69D8}.Release|x86.Build.0 = Release|Win32
		{0C0B083C-0C90-4622-8738-192D1497B698}.Debug|x64.ActiveCfg = Debug|x64
		{0C0B083C-0C90-4622-8738-192D1497B698}.Debug|x64.Build.0 = Debug|x64
		{0C0B083C-0C90-4622-8738-192D1497B698}.Debug|x86.ActiveCfg = Debug|Win32
		{0C0B083C-0C90-4622-8738-192D1497B698}.Debug|x86.Build.0 = Debug|Win32
		{0C0B083C-0C90-4622-8738-192D1497B698}.Release|x64.ActiveCfg = Release|x64
		{0C0B083C-0C90-4622-8738-192D1497B698}.Release|x64.Build.0 = Release|x64
		{0C0B083C-0C90-4622-8738-192D1497B698}.Release|x86.ActiveCfg = Release|Win32
		{0C0B083C-0C90-4622-8738-192D1497B698}.Release|x86.Build.0 = Release|Win32
		{0D6A41A6-100A-49FC-978E-FDF5CE60245C}.Debug|x64.ActiveCfg = Debug|x64
		{0D6A41A6-100A-49FC-978E-FDF5CE60245C}.Debug|x64.Build.0 = Debug|x64
		{0D6A41A6-100A-49FC-978E-FDF5CE60245C}.Debug|x86.ActiveCfg = Debug|Win32
		{0D6A41A6-100A-49FC-978E-FDF5CE60245C}.Debug|x86.Build.0 = Debug|Win32
		{0D6A41A6-100A-49FC-978E-FDF5CE60245C}.Release|x64.ActiveCfg = Release|x64
		{0D6A41A6-100A-49FC-978E-FDF5CE60245C}.Release|x64.Build.0 = Release|x64
		{0D6A41A6-100A-49FC-978E-FDF5CE60245C}.Release|x86.ActiveCfg = Release|Win32
		{0D6A41A6-100A-49FC-978E-FDF5CE60245C}.Release|x86.Build.0 = Release|Win32
		{E09C0D69-E758-4DA6-8D94-B50805320B3F}.Debug|x64.ActiveCfg = Debug|x64
		{E09C0D69-E758-4DA6-8D94-B50805320B3F}.Debug|x64.Build.0 = Debug|x64
		{E09C0D69-E758-4DA6-8D94-B50805320B3F}.Debug|x86.ActiveCfg = Debug|Win32
		{E09C0D69-E758-4DA6-8D94-B50805320B3F}.Debug|x86.Build.0 = Debug|Win32
		{E09C0D69-E758-4DA6-8D94-B50805320B3F}.Release|x64.ActiveCfg = Release|x64
		{E09C0D69-E758-4DA6-8D94-B50805320B3F}.Release|x64.Build.0 = Release|x64
		{E09C0D69-E758-4DA6-8D94-B50805320B3F}.Release|x86.ActiveCfg = Release|Win32
		{E09C0D69-E758-4DA6-8D94-B50805320B3F}.Release|x86.Build.0 = Release|Win32
		{B8853553-2693-4478-8333-D09025F5905A}.Debug|x64.ActiveCfg = Debug|x64
		{B8853553-2693-4478-8333-D09025F5905A}.Debug|x64.Build.0 = Debug|x64
		{B8853553-2693-4478-8333-D09025F5905A}.Debug|x86.ActiveCfg = Debug|Win32
		{B8853553-2693-4478-8333-D09025F5905A}.Debug|x86.Build.0 = Debug|Win32
		{B8853553-2693-4478-8333-D09025F5905A}.Release|x64.ActiveCfg = Release|x64
		{B8853553-2693-4478-8333-D09025F5905A}.Release|x64.Build.0 = Release|x64
		{B8853553-2693-4478-8333-D09025F5905A}.Release|x86.ActiveCfg = Release|Win32
		{B8853553-2693-4478-8333-D09025F5905A}.Release|x86.Build.0 = Release|Win32
		{28837D07-3CAD-4099-9549-8407B8F0D398}.Debug|x64.ActiveCfg = Debug|x64
		{28837D07-3CAD-4099-9549-8407B8F0D398}.Debug|x64.Build.0 = Debug|x64
		{28837D07-3CAD-4099-9549-8407B8F0D398}.Debug|x86.ActiveCfg = Debug|Win32
		{28837D07-3CAD-4099-9549-8407B8F0D398}.Debug|x86.Build.0 = Debug|Win32
		{28837D07-3CAD-4099-9549-8407B8F0D398}.Release|x64.ActiveCfg = Release|x64
		{28837D07-3CAD-4099-9549-8407B8F0D398}.Release|x64.Build.0 = Release|x64
		{28837D07-3CAD-4099-9549-8407B8F0D398}.Release|x86.ActiveCfg = Release|Win32
		{28837D07-3CAD-4099-9549-8407B8F0D398}.Release|x86.Build.0 = Release|Win32
		{A40CB949-DE40-4303-8092-CE8F68161615}.Debug|x64.ActiveCfg = Debug|x64
		{A40CB949-DE40-4303-8092-CE8F68161615}.Debug|x64.Build.0 = Debug|x64
		{A40CB949-DE40-4303-8092-CE8F68161615}.Debug|x86.ActiveCfg = Debug|Win32
		{A40CB949-DE40-4303-8092-CE8F68161615}.Debug|x86.Build.0 = Debug|Win32
		{A40CB949-DE40-4303-8092-CE8F68161615}.Release|x64.ActiveCfg = Release|x64
		{A40CB949-DE40-4303-8092-CE8F68161615}.Release|x64.Build.0 = Release|x64
		{A40CB949-DE40-4303-8092-CE8F68161615}.Release|x86.ActiveCfg = Release|Win32
		{A40CB949-DE40-4303-8092-CE8F68161615}.Release|x86.Build.0 = Release|Win32
		{3912CF1A-F9C1-4E4B-931E-E04AA9002657}.Debug|x64.ActiveCfg = Debug|x64
		{3912CF1A-F9C1-4E4B-931E-E04AA9002657}.Debug|x64.Build.0 = Debug|x64
		{3912CF1A-F9C1-4E4B-931E-E04AA9002657}.Debug|x86.ActiveCfg = Debug|Win32
		{3912CF1A-F9C1-4E4B-931E-E04AA9002657}.Debug|x86.Build.0 = Debug|Win32
		{3912CF1A-F9C1-4E4B-931E-E04AA9002657}.Release|x64.ActiveCfg = Release|x64
		{3912CF1A-F9C1-4E4B-931E-E04AA9002657}.Release|x64.Build.0 = Release|x64
		{3912CF1A-F9C1-4E4B-931E-E04AA9002657}.Release|x86.ActiveCfg = Release|Win32
		{3912CF1A-F9C1-4E4B-931E-E04AA9002657}.Release|x86.Build.0 = Release|Win32
		{922C3B12-01CE-4B2D-9CF8-27D61B6BB15C}.Debug|x64.ActiveCfg = Debug|x64
		{922C3B12-01CE-4B2D-9CF8-27D61B6BB15C}.Debug|x64.Build.0 = Debug|x64
		{922C3B12-01CE-4B2D-9CF8-27D61B6BB15C}.Debug|x86.ActiveCfg = Debug|Win32
		{922C3B12-01CE-4B2D-9CF8-27D61B6BB15C}.Debug|x86.Build.0 = Debug|Win32
		{922C3B12-01CE-4B2D-9CF8-27D61B6BB15C}.Release|x64.ActiveCfg = Release|x64
		{922C3B12-01CE-4B2D-9CF8-27D61B6BB15C}.Release|x64.Build.0 = Release|x64
		{922C3B12-01CE-4B2D-9CF8-27D61B6BB15C}.Release|x86.ActiveCfg = Release|Win32
		{922C3B12-01CE-4B2D-9CF8-27D61B6BB15C}.Release|x86.Build.0 = Release|Win32
		{5D1AFCA2-371A-4FA1-8F74-6191ED5E3679}.Debug|x64.ActiveCfg = Debug|x64
		{5D1AFCA2-371A-4FA1-8F74-6191ED5E3679}.Debug|x64.Build.0 = Debug|x64
		{5D1AFCA2-371A-4FA1-8F74-6191ED5E3679}.Debug|x86.ActiveCfg = Debug|Win32
		{5D1AFCA2-371A-4FA1-8F74-6191ED5E3679}.Debug|x86.Build.0 = Debug|Win32
		{5D1AFCA2-371A-4FA1-8F74-6191ED5E3679}.Release|x64.ActiveCfg = Release|x64
		{5D1AFCA2-371A-4FA1-8F74-6191ED5E3679}.Release|x64.Build.0 = Release|x64
		{5D1AFCA2-371A-4FA1-8F74-6191ED5E3679}.Release|x86.ActiveCfg = Release|Win32
		{5D1AFCA2-371A-4FA1-8F74-6191ED5E3679}.Release|x86.Build.0 = Release|Win32
		{7F8FD567-293C-4675-8A26-7AED97F307F4}.Debug|x64.ActiveCfg = Debug|x64
		{7F8FD567-293C-4675-8A26-7AED97F307F4}.Debug|x64.Build.0 = Debug|x64
		{7F8FD567-293C-4675-8A26-7AED97F307F4}.Debug|x86.ActiveCfg = Debug|Win32
		{7F8FD567-293C-4675-8A26-7AED97F307F4}.Debug|x86.Build.0 = Debug|Win32
		{7F8FD567-293C-4675-8A26-7AED97F307F4}.Release|x64.ActiveCfg = Release|x64
		{7F8FD567-293C-4675-8A26-7AED97F307F4}.Release|x64.Build.0 = Release|x64
		{7F8FD567-293C-4675-8A26-7AED97F307F4}.Release|x86.ActiveCfg = Release|Win32
		{7F8FD567-293C-4675-8A26-7AED97F307F4}.Release|x86.Build.0 = Release|Win32
		{C11C3FBE-24EB-4680-BB36-C62C968E8EE7}.Debug|x64.ActiveCfg = Debug|x64
		{C11C3FBE-24EB-4680-BB36-C62C968E8EE7}.Debug|x64.Build.0 = Debug|x64
		{C11C3FBE-24EB-4680-BB36-C62C968E8EE7}.Debug|x86.ActiveCfg = Debug|Win32
		{C11C3FBE-24EB-4680-BB36-C62C968E8EE7}.Debug|x86.Build.0 = Debug|Win32
		{C11C3FBE-24EB-4680-BB36-C62C968E8EE7}.Release|x64.ActiveCfg = Release|x64
		{C11C3FBE-24EB-4680-BB36-C62C968E8EE7}.Release|x64.Build.0 = Release|x64
		{C11C3FBE-24EB-4680-BB36-C62C968E8EE7}.Release|x86.ActiveCfg = Release|Win32
		{C11C3FBE-24EB-4680-BB36-C62C968E8EE7}.Release|x86.Build.0 = Release|Win32
		{440F6F46-B59A-49F4-8C5E-75D41455D7A7}.Debug|x64.ActiveCfg = Debug|x64
		{440F6F46-B59A-49F4-8C5E-75D41455D7A7}.Debug|x64.Build.0 = Debug|x64
		{440F6F46-B59A-49F4-8C5E-75D41455D7A7}.Debug|x86.ActiveCfg = Debug|Win32
		{440F6F46-B59A-49F4-8C5E-75D41455D7A7}.Debug|x86.Build.0 = Debug|Win32
		{440F6F46-B59A-49F4-8C5E-75D41455D7A7}.Release|x64.ActiveCfg = Release|x64
		{440F6F46-B59A-49F4-8C5E-75D41455D7A7}.Release|x64.Build.0 = Release|x64
		{440F6F46-B59A-49F4-8C5E-75D41455D7A7}.Release|x86.ActiveCfg = Release|Win32
		{440F6F46-B59A-49F4-8C5E-75D41455D7A7}.Release|x86.Build.0 = Release|Win32
		{66677D9F-58B5-466E-AC31-3E6690915A44}.Debug|x64.ActiveCfg = Debug|x64
		{66677D9F-58B5-466E-AC31-3E6690915A44}.Debug|x64.Build.0 = Debug|x64
		{66677D9F-58B5-466E-AC31-3E6690915A44}.Debug|x86.ActiveCfg = Debug|Win32
		{66677D9F-58B5-466E-AC31-3E6690915A44}.Debug|x86.Build.0 = Debug|Win32
		{66677D9F-58B5-466E-AC31-3E6690915A44}.Release|x64.ActiveCfg = Release|x64
		{66677D9F-58B5-466E-AC31-3E6690915A44}.Release|x64.Build.0 = Release|x64
		{66677D9F-58B5-466E-AC31-3E6690915A44}.Release|x86.ActiveCfg = Release|Win32
		{66677D9F-58B5-466E-AC31-3E6690915A44}.Release|x86.Build.0 = Release|Win32
		{28048A59-C173-430E-9A41-4F7DA19A368E}.Debug|x64.ActiveCfg = Debug|x64
		{28048A59-C173-430E-9A41-4F7DA19A368E}.Debug|x64.Build.0 = Debug|x64
		{28048A59-C173-430E-9A41-4F7DA19A368E}.Debug|x86.ActiveCfg = Debug|Win32
		{28048A59-C173-430E-9A41-4F7DA19A368E}.Debug|x86.Build.0 = Debug|Win32
		{28048A59-C173-430E-9A41-4F7DA19A368E}.Release|x64.ActiveCfg = Release|x64
		{28048A59-C173-430E-9A41-4F7DA19A368E}.Release|x64.Build.0 = Release|x64
		{28048A59-C173-430E-9A41-4F7DA19A368E}.Release|x86.ActiveCfg = Release|Win32
		{28048A59-C173-430E-9A41-4F7DA19A368E}.Release|x86.Build.0 = Release|Win32
		{6DA2D20B-BF14-41DB-A50F-B40426588FCE}.Debug|x64.ActiveCfg = Debug|x64
		{6DA2D20B-BF14-41DB-A50F-B40426588FCE}.Debug|x64.Build.0 = Debug|x64
		{6DA2D20B-BF14-41DB-A50F-B40426588FCE}.Debug|x86.ActiveCfg = Debug|Win32
		{6DA2D20B-BF14-41DB-A50F-B40426588FCE}.Debug|x86.Build.0 = Debug|Win32
		{6DA2D20B-BF14-41DB-A50F-B40426588FCE}.Release|x64.ActiveCfg = Release|x64
		{6DA2D20B-BF14-41DB-A50F-B40426588FCE}.Release|x64.Build.0 = Release|x64
		{6DA2D20B-BF14-41DB-A50F-B40426588FCE}.Release|x86.ActiveCfg = Release|Win32
		{6DA2D20B-BF14-41DB-A50F-B40426588FCE}.Release|x86.Build.0 = Release|Win32
		{34D3E449-A36E-4F30-B7DF-1A6B73979566}.Debug|x64.ActiveCfg = Debug|Win32
		{34D3E449-A36E-4F30-B7DF-1A6B73979566}.Debug|x86.ActiveCfg = Debug|Win32
		{34D3E449-A36E-4F30-B7DF-1A6B73979566}.Debug|x86.Build.0 = Debug|Win32
		{34D3E449-A36E-4F30-B7DF-1A6B73979566}.Release|x64.ActiveCfg = Release|Win32
		{34D3E449-A36E-4F30-B7DF-1A6B73979566}.Release|x86.ActiveCfg = Release|Win32
		{34D3E449-A36E-4F30-B7DF-1A6B73979566}.Release|x86.Build.0 = Release|Win32
		{B12702AD-ABFB-343A-A199-8E24837244A3}.Debug|x64.ActiveCfg = Debug|Win32
		{B12702AD-ABFB-343A-A199-8E24837244A3}.Debug|x86.ActiveCfg = Debug|Win32
		{B12702AD-ABFB-343A-A199-8E24837244A3}.Debug|x86.Build.0 = Debug|Win32
		{B12702AD-ABFB-343A-A199-8E24837244A3}.Debug|x86.Deploy.0 = Debug|Win32
		{B12702AD-ABFB-343A-A199-8E24837244A3}.Release|x64.ActiveCfg = Release|Win32
		{B12702AD-ABFB-343A-A199-8E24837244A3}.Release|x86.ActiveCfg = Release|Win32
		{B12702AD-ABFB-343A-A199-8E24837244A3}.Release|x86.Build.0 = Release|Win32
		{B12702AD-ABFB-343A-A199-8E24837244A3}.Release|x86.Deploy.0 = Release|Win32
	EndGlobalSection
	GlobalSection(SolutionProperties) = preSolution
		HideSolutionNode = FALSE
	EndGlobalSection
	GlobalSection(NestedProjects) = preSolution
		{9D1EABE0-6C86-4C1D-BAE3-8267A50D69D8} = {A6B7EBDF-8BF2-4F41-BE3F-69F9B35CD93F}
		{0C0B083C-0C90-4622-8738-192D1497B698} = {A6B7EBDF-8BF2-4F41-BE3F-69F9B35CD93F}
		{0D6A41A6-100A-49FC-978E-FDF5CE60245C} = {A6B7EBDF-8BF2-4F41-BE3F-69F9B35CD93F}
		{E09C0D69-E758-4DA6-8D94-B50805320B3F} = {55F639D7-F21B-44C4-9D6F-856B0F8633A9}
		{B8853553-2693-4478-8333-D09025F5905A} = {A6B7EBDF-8BF2-4F41-BE3F-69F9B35CD93F}
		{28837D07-3CAD-4099-9549-8407B8F0D398} = {A6B7EBDF-8BF2-4F41-BE3F-69F9B35CD93F}
		{A40CB949-DE40-4303-8092-CE8F68161615} = {A6B7EBDF-8BF2-4F41-BE3F-69F9B35CD93F}
		{3912CF1A-F9C1-4E4B-931E-E04AA9002657} = {A6B7EBDF-8BF2-4F41-BE3F-69F9B35CD93F}
		{922C3B12-01CE-4B2D-9CF8-27D61B6BB15C} = {55F639D7-F21B-44C4-9D6F-856B0F8633A9}
		{5D1AFCA2-371A-4FA1-8F74-6191ED5E3679} = {55F639D7-F21B-44C4-9D6F-856B0F8633A9}
		{7F8FD567-293C-4675-8A26-7AED97F307F4} = {55F639D7-F21B-44C4-9D6F-856B0F8633A9}
		{C11C3FBE-24EB-4680-BB36-C62C968E8EE7} = {A6B7EBDF-8BF2-4F41-BE3F-69F9B35CD93F}
		{440F6F46-B59A-49F4-8C5E-75D41455D7A7} = {6B0DB24D-88E3-4EA7-9609-5949C39516D4}
		{66677D9F-58B5-466E-AC31-3E6690915A44} = {55F639D7-F21B-44C4-9D6F-856B0F8633A9}
		{28048A59-C173-430E-9A41-4F7DA19A368E} = {6B0DB24D-88E3-4EA7-9609-5949C39516D4}
		{6DA2D20B-BF14-41DB-A50F-B40426588FCE} = {6B0DB24D-88E3-4EA7-9609-5949C39516D4}
		{34D3E449-A36E-4F30-B7DF-1A6B73979566} = {A6B7EBDF-8BF2-4F41-BE3F-69F9B35CD93F}
		{B12702AD-ABFB-343A-A199-8E24837244A3} = {6B0DB24D-88E3-4EA7-9609-5949C39516D4}
	EndGlobalSection
	GlobalSection(ExtensibilityGlobals) = postSolution
		SolutionGuid = {3F1E30AC-66FF-4DCD-8CA4-F1AF70A2C941}
	EndGlobalSection
EndGlobal
