
Microsoft Visual Studio Solution File, Format Version 12.00
# Visual Studio 15
VisualStudioVersion = 15.0.26730.16
MinimumVisualStudioVersion = 10.0.40219.1
Project("{2150E333-8FDC-42A3-9474-1A3956D46DE8}") = "Executables", "Executables", "{CD5F6D70-33B6-46C6-BC5C-6F7DB896F91C}"
EndProject
Project("{2150E333-8FDC-42A3-9474-1A3956D46DE8}") = "Libraries", "Libraries", "{86B83335-E60E-4921-AFED-15881C3EBCA3}"
EndProject
Project("{8BC9CEB8-8B4A-11D0-8D11-00A0C91BC942}") = "bitcoin-cli", "Executables\bitcoin-cli.vcxproj", "{28048A59-C173-430E-9A41-4F7DA19A368E}"
EndProject
Project("{8BC9CEB8-8B4A-11D0-8D11-00A0C91BC942}") = "libbitcoin_crypto", "Libraries\libbitcoin_crypto.vcxproj", "{3912CF1A-F9C1-4E4B-931E-E04AA9002657}"
EndProject
Project("{2150E333-8FDC-42A3-9474-1A3956D46DE8}") = "Dependencies", "Dependencies", "{7A5BF805-7283-4E03-873A-21208832AA02}"
EndProject
Project("{2150E333-8FDC-42A3-9474-1A3956D46DE8}") = "leveldb", "leveldb", "{EB4DA6A9-FF27-42EB-8FF8-C2BB034DCC95}"
EndProject
Project("{8BC9CEB8-8B4A-11D0-8D11-00A0C91BC942}") = "libleveldb", "Dependencies\libleveldb.vcxproj", "{922C3B12-01CE-4B2D-9CF8-27D61B6BB15C}"
EndProject
Project("{8BC9CEB8-8B4A-11D0-8D11-00A0C91BC942}") = "libmemonv", "Dependencies\libmemonv.vcxproj", "{7F8FD567-293C-4675-8A26-7AED97F307F4}"
EndProject
Project("{8BC9CEB8-8B4A-11D0-8D11-00A0C91BC942}") = "libunivalue", "Dependencies\libunivalue.vcxproj", "{E09C0D69-E758-4DA6-8D94-B50805320B3F}"
EndProject
Project("{8BC9CEB8-8B4A-11D0-8D11-00A0C91BC942}") = "libbitcoin_util", "Libraries\libbitcoin_util.vcxproj", "{B8853553-2693-4478-8333-D09025F5905A}"
EndProject
Project("{8BC9CEB8-8B4A-11D0-8D11-00A0C91BC942}") = "libbitcoin_common", "Libraries\libbitcoin_common.vcxproj", "{0D6A41A6-100A-49FC-978E-FDF5CE60245C}"
EndProject
Project("{8BC9CEB8-8B4A-11D0-8D11-00A0C91BC942}") = "libbitcoin_server", "Libraries\libbitcoin_server.vcxproj", "{9D1EABE0-6C86-4C1D-BAE3-8267A50D69D8}"
EndProject
Project("{8BC9CEB8-8B4A-11D0-8D11-00A0C91BC942}") = "libbitcoin_consensus", "Libraries\libbitcoin_consensus.vcxproj", "{A40CB949-DE40-4303-8092-CE8F68161615}"
EndProject
Project("{8BC9CEB8-8B4A-11D0-8D11-00A0C91BC942}") = "libbitcoin_cli", "Libraries\libbitcoin_cli.vcxproj", "{C11C3FBE-24EB-4680-BB36-C62C968E8EE7}"
EndProject
Project("{8BC9CEB8-8B4A-11D0-8D11-00A0C91BC942}") = "libbitcoin_wallet", "Libraries\libbitcoin_wallet.vcxproj", "{0C0B083C-0C90-4622-8738-192D1497B698}"
EndProject
Project("{8BC9CEB8-8B4A-11D0-8D11-00A0C91BC942}") = "libbitcoin_zmq", "Libraries\libbitcoin_zmq.vcxproj", "{28837D07-3CAD-4099-9549-8407B8F0D398}"
EndProject
Project("{8BC9CEB8-8B4A-11D0-8D11-00A0C91BC942}") = "bitcoind", "Executables\bitcoind.vcxproj", "{440F6F46-B59A-49F4-8C5E-75D41455D7A7}"
EndProject
Global
	GlobalSection(SolutionConfigurationPlatforms) = preSolution
		Debug|x64 = Debug|x64
		Debug|x86 = Debug|x86
		Release|x64 = Release|x64
		Release|x86 = Release|x86
	EndGlobalSection
	GlobalSection(ProjectConfigurationPlatforms) = postSolution
		{28048A59-C173-430E-9A41-4F7DA19A368E}.Debug|x64.ActiveCfg = Debug|x64
		{28048A59-C173-430E-9A41-4F7DA19A368E}.Debug|x64.Build.0 = Debug|x64
		{28048A59-C173-430E-9A41-4F7DA19A368E}.Debug|x86.ActiveCfg = Debug|Win32
		{28048A59-C173-430E-9A41-4F7DA19A368E}.Debug|x86.Build.0 = Debug|Win32
		{28048A59-C173-430E-9A41-4F7DA19A368E}.Release|x64.ActiveCfg = Release|x64
		{28048A59-C173-430E-9A41-4F7DA19A368E}.Release|x64.Build.0 = Release|x64
		{28048A59-C173-430E-9A41-4F7DA19A368E}.Release|x86.ActiveCfg = Release|Win32
		{28048A59-C173-430E-9A41-4F7DA19A368E}.Release|x86.Build.0 = Release|Win32
		{3912CF1A-F9C1-4E4B-931E-E04AA9002657}.Debug|x64.ActiveCfg = Debug|x64
		{3912CF1A-F9C1-4E4B-931E-E04AA9002657}.Debug|x64.Build.0 = Debug|x64
		{3912CF1A-F9C1-4E4B-931E-E04AA9002657}.Debug|x86.ActiveCfg = Debug|Win32
		{3912CF1A-F9C1-4E4B-931E-E04AA9002657}.Debug|x86.Build.0 = Debug|Win32
		{3912CF1A-F9C1-4E4B-931E-E04AA9002657}.Release|x64.ActiveCfg = Release|x64
		{3912CF1A-F9C1-4E4B-931E-E04AA9002657}.Release|x64.Build.0 = Release|x64
		{3912CF1A-F9C1-4E4B-931E-E04AA9002657}.Release|x86.ActiveCfg = Release|Win32
		{3912CF1A-F9C1-4E4B-931E-E04AA9002657}.Release|x86.Build.0 = Release|Win32
		{922C3B12-01CE-4B2D-9CF8-27D61B6BB15C}.Debug|x64.ActiveCfg = Debug|x64
		{922C3B12-01CE-4B2D-9CF8-27D61B6BB15C}.Debug|x64.Build.0 = Debug|x64
		{922C3B12-01CE-4B2D-9CF8-27D61B6BB15C}.Debug|x86.ActiveCfg = Debug|Win32
		{922C3B12-01CE-4B2D-9CF8-27D61B6BB15C}.Debug|x86.Build.0 = Debug|Win32
		{922C3B12-01CE-4B2D-9CF8-27D61B6BB15C}.Release|x64.ActiveCfg = Release|x64
		{922C3B12-01CE-4B2D-9CF8-27D61B6BB15C}.Release|x64.Build.0 = Release|x64
		{922C3B12-01CE-4B2D-9CF8-27D61B6BB15C}.Release|x86.ActiveCfg = Release|Win32
		{922C3B12-01CE-4B2D-9CF8-27D61B6BB15C}.Release|x86.Build.0 = Release|Win32
		{7F8FD567-293C-4675-8A26-7AED97F307F4}.Debug|x64.ActiveCfg = Debug|x64
		{7F8FD567-293C-4675-8A26-7AED97F307F4}.Debug|x64.Build.0 = Debug|x64
		{7F8FD567-293C-4675-8A26-7AED97F307F4}.Debug|x86.ActiveCfg = Debug|Win32
		{7F8FD567-293C-4675-8A26-7AED97F307F4}.Debug|x86.Build.0 = Debug|Win32
		{7F8FD567-293C-4675-8A26-7AED97F307F4}.Release|x64.ActiveCfg = Release|x64
		{7F8FD567-293C-4675-8A26-7AED97F307F4}.Release|x64.Build.0 = Release|x64
		{7F8FD567-293C-4675-8A26-7AED97F307F4}.Release|x86.ActiveCfg = Release|Win32
		{7F8FD567-293C-4675-8A26-7AED97F307F4}.Release|x86.Build.0 = Release|Win32
		{E09C0D69-E758-4DA6-8D94-B50805320B3F}.Debug|x64.ActiveCfg = Debug|x64
		{E09C0D69-E758-4DA6-8D94-B50805320B3F}.Debug|x64.Build.0 = Debug|x64
		{E09C0D69-E758-4DA6-8D94-B50805320B3F}.Debug|x86.ActiveCfg = Debug|Win32
		{E09C0D69-E758-4DA6-8D94-B50805320B3F}.Debug|x86.Build.0 = Debug|Win32
		{E09C0D69-E758-4DA6-8D94-B50805320B3F}.Release|x64.ActiveCfg = Release|x64
		{E09C0D69-E758-4DA6-8D94-B50805320B3F}.Release|x64.Build.0 = Release|x64
		{E09C0D69-E758-4DA6-8D94-B50805320B3F}.Release|x86.ActiveCfg = Release|Win32
		{E09C0D69-E758-4DA6-8D94-B50805320B3F}.Release|x86.Build.0 = Release|Win32
		{B8853553-2693-4478-8333-D09025F5905A}.Debug|x64.ActiveCfg = Debug|x64
		{B8853553-2693-4478-8333-D09025F5905A}.Debug|x64.Build.0 = Debug|x64
		{B8853553-2693-4478-8333-D09025F5905A}.Debug|x86.ActiveCfg = Debug|Win32
		{B8853553-2693-4478-8333-D09025F5905A}.Debug|x86.Build.0 = Debug|Win32
		{B8853553-2693-4478-8333-D09025F5905A}.Release|x64.ActiveCfg = Release|x64
		{B8853553-2693-4478-8333-D09025F5905A}.Release|x64.Build.0 = Release|x64
		{B8853553-2693-4478-8333-D09025F5905A}.Release|x86.ActiveCfg = Release|Win32
		{B8853553-2693-4478-8333-D09025F5905A}.Release|x86.Build.0 = Release|Win32
		{0D6A41A6-100A-49FC-978E-FDF5CE60245C}.Debug|x64.ActiveCfg = Debug|x64
		{0D6A41A6-100A-49FC-978E-FDF5CE60245C}.Debug|x64.Build.0 = Debug|x64
		{0D6A41A6-100A-49FC-978E-FDF5CE60245C}.Debug|x86.ActiveCfg = Debug|Win32
		{0D6A41A6-100A-49FC-978E-FDF5CE60245C}.Debug|x86.Build.0 = Debug|Win32
		{0D6A41A6-100A-49FC-978E-FDF5CE60245C}.Release|x64.ActiveCfg = Release|x64
		{0D6A41A6-100A-49FC-978E-FDF5CE60245C}.Release|x64.Build.0 = Release|x64
		{0D6A41A6-100A-49FC-978E-FDF5CE60245C}.Release|x86.ActiveCfg = Release|Win32
		{0D6A41A6-100A-49FC-978E-FDF5CE60245C}.Release|x86.Build.0 = Release|Win32
		{9D1EABE0-6C86-4C1D-BAE3-8267A50D69D8}.Debug|x64.ActiveCfg = Debug|x64
		{9D1EABE0-6C86-4C1D-BAE3-8267A50D69D8}.Debug|x64.Build.0 = Debug|x64
		{9D1EABE0-6C86-4C1D-BAE3-8267A50D69D8}.Debug|x86.ActiveCfg = Debug|Win32
		{9D1EABE0-6C86-4C1D-BAE3-8267A50D69D8}.Debug|x86.Build.0 = Debug|Win32
		{9D1EABE0-6C86-4C1D-BAE3-8267A50D69D8}.Release|x64.ActiveCfg = Release|x64
		{9D1EABE0-6C86-4C1D-BAE3-8267A50D69D8}.Release|x64.Build.0 = Release|x64
		{9D1EABE0-6C86-4C1D-BAE3-8267A50D69D8}.Release|x86.ActiveCfg = Release|Win32
		{9D1EABE0-6C86-4C1D-BAE3-8267A50D69D8}.Release|x86.Build.0 = Release|Win32
		{A40CB949-DE40-4303-8092-CE8F68161615}.Debug|x64.ActiveCfg = Debug|x64
		{A40CB949-DE40-4303-8092-CE8F68161615}.Debug|x64.Build.0 = Debug|x64
		{A40CB949-DE40-4303-8092-CE8F68161615}.Debug|x86.ActiveCfg = Debug|Win32
		{A40CB949-DE40-4303-8092-CE8F68161615}.Debug|x86.Build.0 = Debug|Win32
		{A40CB949-DE40-4303-8092-CE8F68161615}.Release|x64.ActiveCfg = Release|x64
		{A40CB949-DE40-4303-8092-CE8F68161615}.Release|x64.Build.0 = Release|x64
		{A40CB949-DE40-4303-8092-CE8F68161615}.Release|x86.ActiveCfg = Release|Win32
		{A40CB949-DE40-4303-8092-CE8F68161615}.Release|x86.Build.0 = Release|Win32
		{C11C3FBE-24EB-4680-BB36-C62C968E8EE7}.Debug|x64.ActiveCfg = Debug|x64
		{C11C3FBE-24EB-4680-BB36-C62C968E8EE7}.Debug|x64.Build.0 = Debug|x64
		{C11C3FBE-24EB-4680-BB36-C62C968E8EE7}.Debug|x86.ActiveCfg = Debug|Win32
		{C11C3FBE-24EB-4680-BB36-C62C968E8EE7}.Debug|x86.Build.0 = Debug|Win32
		{C11C3FBE-24EB-4680-BB36-C62C968E8EE7}.Release|x64.ActiveCfg = Release|x64
		{C11C3FBE-24EB-4680-BB36-C62C968E8EE7}.Release|x64.Build.0 = Release|x64
		{C11C3FBE-24EB-4680-BB36-C62C968E8EE7}.Release|x86.ActiveCfg = Release|Win32
		{C11C3FBE-24EB-4680-BB36-C62C968E8EE7}.Release|x86.Build.0 = Release|Win32
		{0C0B083C-0C90-4622-8738-192D1497B698}.Debug|x64.ActiveCfg = Debug|x64
		{0C0B083C-0C90-4622-8738-192D1497B698}.Debug|x64.Build.0 = Debug|x64
		{0C0B083C-0C90-4622-8738-192D1497B698}.Debug|x86.ActiveCfg = Debug|Win32
		{0C0B083C-0C90-4622-8738-192D1497B698}.Debug|x86.Build.0 = Debug|Win32
		{0C0B083C-0C90-4622-8738-192D1497B698}.Release|x64.ActiveCfg = Release|x64
		{0C0B083C-0C90-4622-8738-192D1497B698}.Release|x64.Build.0 = Release|x64
		{0C0B083C-0C90-4622-8738-192D1497B698}.Release|x86.ActiveCfg = Release|Win32
		{0C0B083C-0C90-4622-8738-192D1497B698}.Release|x86.Build.0 = Release|Win32
		{28837D07-3CAD-4099-9549-8407B8F0D398}.Debug|x64.ActiveCfg = Debug|x64
		{28837D07-3CAD-4099-9549-8407B8F0D398}.Debug|x64.Build.0 = Debug|x64
		{28837D07-3CAD-4099-9549-8407B8F0D398}.Debug|x86.ActiveCfg = Debug|Win32
		{28837D07-3CAD-4099-9549-8407B8F0D398}.Debug|x86.Build.0 = Debug|Win32
		{28837D07-3CAD-4099-9549-8407B8F0D398}.Release|x64.ActiveCfg = Release|x64
		{28837D07-3CAD-4099-9549-8407B8F0D398}.Release|x64.Build.0 = Release|x64
		{28837D07-3CAD-4099-9549-8407B8F0D398}.Release|x86.ActiveCfg = Release|Win32
		{28837D07-3CAD-4099-9549-8407B8F0D398}.Release|x86.Build.0 = Release|Win32
		{440F6F46-B59A-49F4-8C5E-75D41455D7A7}.Debug|x64.ActiveCfg = Debug|x64
		{440F6F46-B59A-49F4-8C5E-75D41455D7A7}.Debug|x64.Build.0 = Debug|x64
		{440F6F46-B59A-49F4-8C5E-75D41455D7A7}.Debug|x86.ActiveCfg = Debug|Win32
		{440F6F46-B59A-49F4-8C5E-75D41455D7A7}.Debug|x86.Build.0 = Debug|Win32
		{440F6F46-B59A-49F4-8C5E-75D41455D7A7}.Release|x64.ActiveCfg = Release|x64
		{440F6F46-B59A-49F4-8C5E-75D41455D7A7}.Release|x64.Build.0 = Release|x64
		{440F6F46-B59A-49F4-8C5E-75D41455D7A7}.Release|x86.ActiveCfg = Release|Win32
		{440F6F46-B59A-49F4-8C5E-75D41455D7A7}.Release|x86.Build.0 = Release|Win32
	EndGlobalSection
	GlobalSection(SolutionProperties) = preSolution
		HideSolutionNode = FALSE
	EndGlobalSection
	GlobalSection(NestedProjects) = preSolution
		{28048A59-C173-430E-9A41-4F7DA19A368E} = {CD5F6D70-33B6-46C6-BC5C-6F7DB896F91C}
		{3912CF1A-F9C1-4E4B-931E-E04AA9002657} = {86B83335-E60E-4921-AFED-15881C3EBCA3}
		{EB4DA6A9-FF27-42EB-8FF8-C2BB034DCC95} = {7A5BF805-7283-4E03-873A-21208832AA02}
		{922C3B12-01CE-4B2D-9CF8-27D61B6BB15C} = {EB4DA6A9-FF27-42EB-8FF8-C2BB034DCC95}
		{7F8FD567-293C-4675-8A26-7AED97F307F4} = {EB4DA6A9-FF27-42EB-8FF8-C2BB034DCC95}
		{E09C0D69-E758-4DA6-8D94-B50805320B3F} = {7A5BF805-7283-4E03-873A-21208832AA02}
		{B8853553-2693-4478-8333-D09025F5905A} = {86B83335-E60E-4921-AFED-15881C3EBCA3}
		{0D6A41A6-100A-49FC-978E-FDF5CE60245C} = {86B83335-E60E-4921-AFED-15881C3EBCA3}
		{9D1EABE0-6C86-4C1D-BAE3-8267A50D69D8} = {86B83335-E60E-4921-AFED-15881C3EBCA3}
		{A40CB949-DE40-4303-8092-CE8F68161615} = {86B83335-E60E-4921-AFED-15881C3EBCA3}
		{C11C3FBE-24EB-4680-BB36-C62C968E8EE7} = {86B83335-E60E-4921-AFED-15881C3EBCA3}
		{0C0B083C-0C90-4622-8738-192D1497B698} = {86B83335-E60E-4921-AFED-15881C3EBCA3}
		{28837D07-3CAD-4099-9549-8407B8F0D398} = {86B83335-E60E-4921-AFED-15881C3EBCA3}
		{440F6F46-B59A-49F4-8C5E-75D41455D7A7} = {CD5F6D70-33B6-46C6-BC5C-6F7DB896F91C}
	EndGlobalSection
	GlobalSection(ExtensibilityGlobals) = postSolution
		SolutionGuid = {3F1E30AC-66FF-4DCD-8CA4-F1AF70A2C941}
	EndGlobalSection
EndGlobal
