<?xml version="1.0" encoding="utf-8"?>
<Project ToolsVersion="4.0" xmlns="http://schemas.microsoft.com/developer/msbuild/2003">
  <ItemGroup>
    <ClCompile Include="crypto\aes.cpp" />
    <ClCompile Include="crypto\chacha20.cpp" />
    <ClCompile Include="crypto\hmac_sha256.cpp" />
    <ClCompile Include="crypto\hmac_sha512.cpp" />
    <ClCompile Include="crypto\ripemd160.cpp" />
    <ClCompile Include="crypto\sha1.cpp" />
    <ClCompile Include="crypto\sha256.cpp" />
    <ClCompile Include="crypto\sha256_sse4.cpp" />
    <ClCompile Include="crypto\sha512.cpp" />
  </ItemGroup>
  <ItemGroup>
    <ClInclude Include="crypto\aes.h" />
    <ClInclude Include="crypto\chacha20.h" />
    <ClInclude Include="crypto\common.h" />
    <ClInclude Include="crypto\hmac_sha256.h" />
    <ClInclude Include="crypto\hmac_sha512.h" />
    <ClInclude Include="crypto\ripemd160.h" />
    <ClInclude Include="crypto\sha1.h" />
    <ClInclude Include="crypto\sha256.h" />
    <ClInclude Include="crypto\sha512.h" />
  </ItemGroup>
</Project>