<?xml version="1.0" encoding="utf-8"?>
<Project ToolsVersion="4.0" xmlns="http://schemas.microsoft.com/developer/msbuild/2003">
  <ItemGroup>
    <Filter Include="Source Files">
      <UniqueIdentifier>{4FC737F1-C7A5-4376-A066-2A32D752A2FF}</UniqueIdentifier>
      <Extensions>cpp;c;cc;cxx;def;odl;idl;hpj;bat;asm;asmx</Extensions>
    </Filter>
    <Filter Include="Header Files">
      <UniqueIdentifier>{93995380-89BD-4b04-88EB-625FBE52EBFB}</UniqueIdentifier>
      <Extensions>h;hh;hpp;hxx;hm;inl;inc;xsd</Extensions>
    </Filter>
    <Filter Include="Source Files\support">
      <UniqueIdentifier>{971ee657-fb7e-45b1-9e62-15ab735dce35}</UniqueIdentifier>
    </Filter>
    <Filter Include="Source Files\compat">
      <UniqueIdentifier>{cf4cea1d-2ea0-4862-b8a7-b43f1bbab742}</UniqueIdentifier>
    </Filter>
    <Filter Include="Source Files\rpc">
      <UniqueIdentifier>{cbdcb8fe-7e1d-4016-909c-81045c62a319}</UniqueIdentifier>
    </Filter>
  </ItemGroup>
  <ItemGroup>
    <ClCompile Include="..\..\..\..\_Developer\Source\bitcoin\support\lockedpool.cpp">
      <Filter>Source Files\support</Filter>
    </ClCompile>
    <ClCompile Include="..\..\..\..\_Developer\Source\bitcoin\clientversion.cpp">
      <Filter>Source Files</Filter>
    </ClCompile>
    <ClCompile Include="..\..\..\..\_Developer\Source\bitcoin\compat\glibc_sanity.cpp">
      <Filter>Source Files\compat</Filter>
    </ClCompile>
    <ClCompile Include="..\..\..\..\_Developer\Source\bitcoin\compat\glibcxx_sanity.cpp">
      <Filter>Source Files\compat</Filter>
    </ClCompile>
    <ClCompile Include="..\..\..\..\_Developer\Source\bitcoin\compat\strnlen.cpp">
      <Filter>Source Files\compat</Filter>
    </ClCompile>
    <ClCompile Include="..\..\..\..\_Developer\Source\bitcoin\fs.cpp">
      <Filter>Source Files</Filter>
    </ClCompile>
    <ClCompile Include="..\..\..\..\_Developer\Source\bitcoin\random.cpp">
      <Filter>Source Files</Filter>
    </ClCompile>
    <ClCompile Include="..\..\..\..\_Developer\Source\bitcoin\rpc\protocol.cpp">
      <Filter>Source Files\rpc</Filter>
    </ClCompile>
    <ClCompile Include="..\..\..\..\_Developer\Source\bitcoin\rpc\util.cpp">
      <Filter>Source Files\rpc</Filter>
    </ClCompile>
    <ClCompile Include="..\..\..\..\_Developer\Source\bitcoin\sync.cpp">
      <Filter>Source Files</Filter>
    </ClCompile>
    <ClCompile Include="..\..\..\..\_Developer\Source\bitcoin\threadinterrupt.cpp">
      <Filter>Source Files</Filter>
    </ClCompile>
    <ClCompile Include="..\..\..\..\_Developer\Source\bitcoin\util.cpp">
      <Filter>Source Files</Filter>
    </ClCompile>
    <ClCompile Include="..\..\..\..\_Developer\Source\bitcoin\utilmoneystr.cpp">
      <Filter>Source Files</Filter>
    </ClCompile>
    <ClCompile Include="..\..\..\..\_Developer\Source\bitcoin\utilstrencodings.cpp">
      <Filter>Source Files</Filter>
    </ClCompile>
    <ClCompile Include="..\..\..\..\_Developer\Source\bitcoin\utiltime.cpp">
      <Filter>Source Files</Filter>
    </ClCompile>
    <ClCompile Include="..\..\..\..\_Developer\Source\bitcoin\chainparamsbase.cpp">
      <Filter>Source Files</Filter>
    </ClCompile>
    <ClCompile Include="..\..\..\..\_Developer\Source\bitcoin\support\cleanse.cpp">
      <Filter>Source Files\support</Filter>
    </ClCompile>
  </ItemGroup>
</Project>