<?xml version="1.0" encoding="utf-8"?>
<Project ToolsVersion="4.0" xmlns="http://schemas.microsoft.com/developer/msbuild/2003">
  <ItemGroup>
    <Filter Include="Source Files">
      <UniqueIdentifier>{4FC737F1-C7A5-4376-A066-2A32D752A2FF}</UniqueIdentifier>
      <Extensions>cpp;c;cc;cxx;def;odl;idl;hpj;bat;asm;asmx</Extensions>
    </Filter>
    <Filter Include="Header Files">
      <UniqueIdentifier>{93995380-89BD-4b04-88EB-625FBE52EBFB}</UniqueIdentifier>
      <Extensions>h;hh;hpp;hxx;hm;inl;inc;xsd</Extensions>
    </Filter>
    <Filter Include="Source Files\support">
      <UniqueIdentifier>{971ee657-fb7e-45b1-9e62-15ab735dce35}</UniqueIdentifier>
    </Filter>
    <Filter Include="Source Files\compat">
      <UniqueIdentifier>{cf4cea1d-2ea0-4862-b8a7-b43f1bbab742}</UniqueIdentifier>
    </Filter>
    <Filter Include="Source Files\rpc">
      <UniqueIdentifier>{cbdcb8fe-7e1d-4016-909c-81045c62a319}</UniqueIdentifier>
    </Filter>
  </ItemGroup>
  <ItemGroup>
    <ClCompile Include="$(BTC_ROOT)\support\lockedpool.cpp">
      <Filter>Source Files\support</Filter>
    </ClCompile>
    <ClCompile Include="$(BTC_ROOT)\clientversion.cpp">
      <Filter>Source Files</Filter>
    </ClCompile>
    <ClCompile Include="$(BTC_ROOT)\compat\glibc_sanity.cpp">
      <Filter>Source Files\compat</Filter>
    </ClCompile>
    <ClCompile Include="$(BTC_ROOT)\compat\glibcxx_sanity.cpp">
      <Filter>Source Files\compat</Filter>
    </ClCompile>
    <ClCompile Include="$(BTC_ROOT)\compat\strnlen.cpp">
      <Filter>Source Files\compat</Filter>
    </ClCompile>
    <ClCompile Include="$(BTC_ROOT)\fs.cpp">
      <Filter>Source Files</Filter>
    </ClCompile>
    <ClCompile Include="$(BTC_ROOT)\random.cpp">
      <Filter>Source Files</Filter>
    </ClCompile>
    <ClCompile Include="$(BTC_ROOT)\rpc\protocol.cpp">
      <Filter>Source Files\rpc</Filter>
    </ClCompile>
    <ClCompile Include="$(BTC_ROOT)\sync.cpp">
      <Filter>Source Files</Filter>
    </ClCompile>
    <ClCompile Include="$(BTC_ROOT)\threadinterrupt.cpp">
      <Filter>Source Files</Filter>
    </ClCompile>
    <ClCompile Include="$(BTC_ROOT)\util.cpp">
      <Filter>Source Files</Filter>
    </ClCompile>
    <ClCompile Include="$(BTC_ROOT)\utilmoneystr.cpp">
      <Filter>Source Files</Filter>
    </ClCompile>
    <ClCompile Include="$(BTC_ROOT)\utilstrencodings.cpp">
      <Filter>Source Files</Filter>
    </ClCompile>
    <ClCompile Include="$(BTC_ROOT)\utiltime.cpp">
      <Filter>Source Files</Filter>
    </ClCompile>
    <ClCompile Include="$(BTC_ROOT)\chainparamsbase.cpp">
      <Filter>Source Files</Filter>
    </ClCompile>
    <ClCompile Include="$(BTC_ROOT)\support\cleanse.cpp">
      <Filter>Source Files\support</Filter>
    </ClCompile>
    <ClCompile Include="$(BTC_ROOT)\rpc\util_rpc.cpp">
      <Filter>Source Files\rpc</Filter>
    </ClCompile>
  </ItemGroup>
  <ItemGroup>
    <ClInclude Include="$(BTC_ROOT)\util.h">
      <Filter>Header Files</Filter>
    </ClInclude>
  </ItemGroup>
</Project>