<?xml version="1.0" encoding="utf-8"?>
<Project ToolsVersion="4.0" xmlns="http://schemas.microsoft.com/developer/msbuild/2003">
  <ItemGroup>
    <Filter Include="Source Files">
      <UniqueIdentifier>{4FC737F1-C7A5-4376-A066-2A32D752A2FF}</UniqueIdentifier>
      <Extensions>cpp;c;cc;cxx;def;odl;idl;hpj;bat;asm;asmx</Extensions>
    </Filter>
    <Filter Include="Header Files">
      <UniqueIdentifier>{93995380-89BD-4b04-88EB-625FBE52EBFB}</UniqueIdentifier>
      <Extensions>h;hh;hpp;hxx;hm;inl;inc;xsd</Extensions>
    </Filter>
    <Filter Include="Source Files\policy">
      <UniqueIdentifier>{1c5e747e-d27d-46d5-ae34-61998febad22}</UniqueIdentifier>
    </Filter>
    <Filter Include="Source Files\script">
      <UniqueIdentifier>{d370de0f-85fb-4154-9487-e06f897224ab}</UniqueIdentifier>
    </Filter>
  </ItemGroup>
  <ItemGroup>
    <ClCompile Include="$(BTC_ROOT)\script\ismine.cpp">
      <Filter>Source Files\script</Filter>
    </ClCompile>
    <ClCompile Include="$(BTC_ROOT)\script\sign.cpp">
      <Filter>Source Files\script</Filter>
    </ClCompile>
    <ClCompile Include="$(BTC_ROOT)\script\standard.cpp">
      <Filter>Source Files\script</Filter>
    </ClCompile>
    <ClCompile Include="$(BTC_ROOT)\policy\feerate.cpp">
      <Filter>Source Files\policy</Filter>
    </ClCompile>
    <ClCompile Include="$(BTC_ROOT)\base58.cpp">
      <Filter>Source Files</Filter>
    </ClCompile>
    <ClCompile Include="$(BTC_ROOT)\bech32.cpp">
      <Filter>Source Files</Filter>
    </ClCompile>
    <ClCompile Include="$(BTC_ROOT)\chainparams.cpp">
      <Filter>Source Files</Filter>
    </ClCompile>
    <ClCompile Include="$(BTC_ROOT)\coins.cpp">
      <Filter>Source Files</Filter>
    </ClCompile>
    <ClCompile Include="$(BTC_ROOT)\compressor.cpp">
      <Filter>Source Files</Filter>
    </ClCompile>
    <ClCompile Include="$(BTC_ROOT)\core_read.cpp">
      <Filter>Source Files</Filter>
    </ClCompile>
    <ClCompile Include="$(BTC_ROOT)\core_write.cpp">
      <Filter>Source Files</Filter>
    </ClCompile>
    <ClCompile Include="$(BTC_ROOT)\key.cpp">
      <Filter>Source Files</Filter>
    </ClCompile>
    <ClCompile Include="$(BTC_ROOT)\keystore.cpp">
      <Filter>Source Files</Filter>
    </ClCompile>
    <ClCompile Include="$(BTC_ROOT)\netaddress.cpp">
      <Filter>Source Files</Filter>
    </ClCompile>
    <ClCompile Include="$(BTC_ROOT)\netbase.cpp">
      <Filter>Source Files</Filter>
    </ClCompile>
    <ClCompile Include="$(BTC_ROOT)\protocol.cpp">
      <Filter>Source Files</Filter>
    </ClCompile>
    <ClCompile Include="$(BTC_ROOT)\scheduler.cpp">
      <Filter>Source Files</Filter>
    </ClCompile>
    <ClCompile Include="$(BTC_ROOT)\warnings.cpp">
      <Filter>Source Files</Filter>
    </ClCompile>
  </ItemGroup>
</Project>