<?xml version="1.0" encoding="utf-8"?>
<Project ToolsVersion="4.0" xmlns="http://schemas.microsoft.com/developer/msbuild/2003">
  <ItemGroup>
    <Filter Include="Source Files">
      <UniqueIdentifier>{4FC737F1-C7A5-4376-A066-2A32D752A2FF}</UniqueIdentifier>
      <Extensions>cpp;c;cc;cxx;def;odl;idl;hpj;bat;asm;asmx</Extensions>
    </Filter>
    <Filter Include="Header Files">
      <UniqueIdentifier>{93995380-89BD-4b04-88EB-625FBE52EBFB}</UniqueIdentifier>
      <Extensions>h;hh;hpp;hxx;hm;inl;inc;xsd</Extensions>
    </Filter>
    <Filter Include="Header Files\port">
      <UniqueIdentifier>{87b93fe2-4dbb-47df-aae3-e03afd30c572}</UniqueIdentifier>
    </Filter>
    <Filter Include="Header Files\port\win">
      <UniqueIdentifier>{d2971d34-3ea5-4988-912e-bd240715a80e}</UniqueIdentifier>
    </Filter>
    <Filter Include="Header Files\db">
      <UniqueIdentifier>{2c5524f8-ab86-4b9b-8c50-23d1eb9c1cc6}</UniqueIdentifier>
    </Filter>
    <Filter Include="Header Files\table">
      <UniqueIdentifier>{b489c90a-894f-4ba7-8253-8d230e13aa74}</UniqueIdentifier>
    </Filter>
    <Filter Include="Header Files\util">
      <UniqueIdentifier>{98942284-b451-4846-910f-a3f12cc0f42a}</UniqueIdentifier>
    </Filter>
    <Filter Include="Source Files\db">
      <UniqueIdentifier>{2e6ff54a-251e-47b8-b22d-b0fc824e97d3}</UniqueIdentifier>
    </Filter>
    <Filter Include="Source Files\table">
      <UniqueIdentifier>{35b00e7b-d62c-42cd-a1d0-8255c8270722}</UniqueIdentifier>
    </Filter>
    <Filter Include="Source Files\util">
      <UniqueIdentifier>{ab364283-7a5d-45aa-ae70-af4719af1cc9}</UniqueIdentifier>
    </Filter>
    <Filter Include="Source Files\port">
      <UniqueIdentifier>{cdd3feba-0a45-4e7d-86ba-7dbf9683613c}</UniqueIdentifier>
    </Filter>
  </ItemGroup>
  <ItemGroup>
    <ClInclude Include="leveldb\db\builder.h">
      <Filter>Header Files</Filter>
    </ClInclude>
    <ClInclude Include="leveldb\db\dbformat.h">
      <Filter>Header Files</Filter>
    </ClInclude>
    <ClInclude Include="leveldb\db\db_impl.h">
      <Filter>Header Files</Filter>
    </ClInclude>
    <ClInclude Include="leveldb\db\db_iter.h">
      <Filter>Header Files</Filter>
    </ClInclude>
    <ClInclude Include="leveldb\db\filename.h">
      <Filter>Header Files</Filter>
    </ClInclude>
    <ClInclude Include="leveldb\db\log_format.h">
      <Filter>Header Files</Filter>
    </ClInclude>
    <ClInclude Include="leveldb\db\log_reader.h">
      <Filter>Header Files</Filter>
    </ClInclude>
    <ClInclude Include="leveldb\db\log_writer.h">
      <Filter>Header Files</Filter>
    </ClInclude>
    <ClInclude Include="leveldb\db\memtable.h">
      <Filter>Header Files</Filter>
    </ClInclude>
    <ClInclude Include="leveldb\db\skiplist.h">
      <Filter>Header Files</Filter>
    </ClInclude>
    <ClInclude Include="leveldb\db\snapshot.h">
      <Filter>Header Files</Filter>
    </ClInclude>
    <ClInclude Include="leveldb\db\table_cache.h">
      <Filter>Header Files</Filter>
    </ClInclude>
    <ClInclude Include="leveldb\db\version_edit.h">
      <Filter>Header Files</Filter>
    </ClInclude>
    <ClInclude Include="leveldb\db\version_set.h">
      <Filter>Header Files</Filter>
    </ClInclude>
    <ClInclude Include="leveldb\db\write_batch_internal.h">
      <Filter>Header Files</Filter>
    </ClInclude>
    <ClInclude Include="leveldb\include\leveldb\c.h">
      <Filter>Header Files</Filter>
    </ClInclude>
    <ClInclude Include="leveldb\include\leveldb\cache.h">
      <Filter>Header Files</Filter>
    </ClInclude>
    <ClInclude Include="leveldb\include\leveldb\comparator.h">
      <Filter>Header Files</Filter>
    </ClInclude>
    <ClInclude Include="leveldb\include\leveldb\db.h">
      <Filter>Header Files</Filter>
    </ClInclude>
    <ClInclude Include="leveldb\include\leveldb\dumpfile.h">
      <Filter>Header Files</Filter>
    </ClInclude>
    <ClInclude Include="leveldb\include\leveldb\env.h">
      <Filter>Header Files</Filter>
    </ClInclude>
    <ClInclude Include="leveldb\include\leveldb\filter_policy.h">
      <Filter>Header Files</Filter>
    </ClInclude>
    <ClInclude Include="leveldb\include\leveldb\iterator.h">
      <Filter>Header Files</Filter>
    </ClInclude>
    <ClInclude Include="leveldb\include\leveldb\options.h">
      <Filter>Header Files</Filter>
    </ClInclude>
    <ClInclude Include="leveldb\include\leveldb\slice.h">
      <Filter>Header Files</Filter>
    </ClInclude>
    <ClInclude Include="leveldb\include\leveldb\status.h">
      <Filter>Header Files</Filter>
    </ClInclude>
    <ClInclude Include="leveldb\include\leveldb\table.h">
      <Filter>Header Files</Filter>
    </ClInclude>
    <ClInclude Include="leveldb\include\leveldb\table_builder.h">
      <Filter>Header Files</Filter>
    </ClInclude>
    <ClInclude Include="leveldb\include\leveldb\write_batch.h">
      <Filter>Header Files</Filter>
    </ClInclude>
    <ClInclude Include="leveldb\port\atomic_pointer.h">
      <Filter>Header Files</Filter>
    </ClInclude>
    <ClInclude Include="leveldb\port\port.h">
      <Filter>Header Files</Filter>
    </ClInclude>
    <ClInclude Include="leveldb\port\port_example.h">
      <Filter>Header Files</Filter>
    </ClInclude>
    <ClInclude Include="leveldb\port\port_posix.h">
      <Filter>Header Files</Filter>
    </ClInclude>
    <ClInclude Include="leveldb\port\port_win.h">
      <Filter>Header Files</Filter>
    </ClInclude>
    <ClInclude Include="leveldb\port\thread_annotations.h">
      <Filter>Header Files</Filter>
    </ClInclude>
    <ClInclude Include="leveldb\port\win\stdint.h">
      <Filter>Header Files</Filter>
    </ClInclude>
    <ClInclude Include="leveldb\table\block.h">
      <Filter>Header Files</Filter>
    </ClInclude>
    <ClInclude Include="leveldb\table\block_builder.h">
      <Filter>Header Files</Filter>
    </ClInclude>
    <ClInclude Include="leveldb\table\filter_block.h">
      <Filter>Header Files</Filter>
    </ClInclude>
    <ClInclude Include="leveldb\table\format.h">
      <Filter>Header Files</Filter>
    </ClInclude>
    <ClInclude Include="leveldb\table\iterator_wrapper.h">
      <Filter>Header Files</Filter>
    </ClInclude>
    <ClInclude Include="leveldb\table\merger.h">
      <Filter>Header Files</Filter>
    </ClInclude>
    <ClInclude Include="leveldb\table\two_level_iterator.h">
      <Filter>Header Files</Filter>
    </ClInclude>
    <ClInclude Include="leveldb\util\arena.h">
      <Filter>Header Files</Filter>
    </ClInclude>
    <ClInclude Include="leveldb\util\coding.h">
      <Filter>Header Files</Filter>
    </ClInclude>
    <ClInclude Include="leveldb\util\crc32c.h">
      <Filter>Header Files</Filter>
    </ClInclude>
    <ClInclude Include="leveldb\util\env_posix_test_helper.h">
      <Filter>Header Files</Filter>
    </ClInclude>
    <ClInclude Include="leveldb\util\hash.h">
      <Filter>Header Files</Filter>
    </ClInclude>
    <ClInclude Include="leveldb\util\histogram.h">
      <Filter>Header Files</Filter>
    </ClInclude>
    <ClInclude Include="leveldb\util\logging.h">
      <Filter>Header Files</Filter>
    </ClInclude>
    <ClInclude Include="leveldb\util\mutexlock.h">
      <Filter>Header Files</Filter>
    </ClInclude>
    <ClInclude Include="leveldb\util\posix_logger.h">
      <Filter>Header Files</Filter>
    </ClInclude>
    <ClInclude Include="leveldb\util\random.h">
      <Filter>Header Files</Filter>
    </ClInclude>
    <ClInclude Include="leveldb\util\testharness.h">
      <Filter>Header Files</Filter>
    </ClInclude>
    <ClInclude Include="leveldb\util\testutil.h">
      <Filter>Header Files</Filter>
    </ClInclude>
  </ItemGroup>
  <ItemGroup>
    <ClCompile Include="leveldb\db\builder.cc">
      <Filter>Source Files</Filter>
    </ClCompile>
    <ClCompile Include="leveldb\db\c.cc">
      <Filter>Source Files</Filter>
    </ClCompile>
    <ClCompile Include="leveldb\db\dbformat.cc">
      <Filter>Source Files</Filter>
    </ClCompile>
    <ClCompile Include="leveldb\db\db_impl.cc">
      <Filter>Source Files</Filter>
    </ClCompile>
    <ClCompile Include="leveldb\db\db_iter.cc">
      <Filter>Source Files</Filter>
    </ClCompile>
    <ClCompile Include="leveldb\db\dumpfile.cc">
      <Filter>Source Files</Filter>
    </ClCompile>
    <ClCompile Include="leveldb\db\filename.cc">
      <Filter>Source Files</Filter>
    </ClCompile>
    <ClCompile Include="leveldb\db\log_reader.cc">
      <Filter>Source Files</Filter>
    </ClCompile>
    <ClCompile Include="leveldb\db\log_writer.cc">
      <Filter>Source Files</Filter>
    </ClCompile>
    <ClCompile Include="leveldb\db\memtable.cc">
      <Filter>Source Files</Filter>
    </ClCompile>
    <ClCompile Include="leveldb\db\repair.cc">
      <Filter>Source Files</Filter>
    </ClCompile>
    <ClCompile Include="leveldb\db\table_cache.cc">
      <Filter>Source Files</Filter>
    </ClCompile>
    <ClCompile Include="leveldb\db\version_edit.cc">
      <Filter>Source Files</Filter>
    </ClCompile>
    <ClCompile Include="leveldb\db\version_set.cc">
      <Filter>Source Files</Filter>
    </ClCompile>
    <ClCompile Include="leveldb\db\write_batch.cc">
      <Filter>Source Files</Filter>
    </ClCompile>
    <ClCompile Include="leveldb\port\port_win.cc">
      <Filter>Source Files</Filter>
    </ClCompile>
    <ClCompile Include="leveldb\table\block.cc">
      <Filter>Source Files</Filter>
    </ClCompile>
    <ClCompile Include="leveldb\table\block_builder.cc">
      <Filter>Source Files</Filter>
    </ClCompile>
    <ClCompile Include="leveldb\table\filter_block.cc">
      <Filter>Source Files</Filter>
    </ClCompile>
    <ClCompile Include="leveldb\table\format.cc">
      <Filter>Source Files</Filter>
    </ClCompile>
    <ClCompile Include="leveldb\table\iterator.cc">
      <Filter>Source Files</Filter>
    </ClCompile>
    <ClCompile Include="leveldb\table\merger.cc">
      <Filter>Source Files</Filter>
    </ClCompile>
    <ClCompile Include="leveldb\table\table.cc">
      <Filter>Source Files</Filter>
    </ClCompile>
    <ClCompile Include="leveldb\table\table_builder.cc">
      <Filter>Source Files</Filter>
    </ClCompile>
    <ClCompile Include="leveldb\table\two_level_iterator.cc">
      <Filter>Source Files</Filter>
    </ClCompile>
    <ClCompile Include="leveldb\util\arena.cc">
      <Filter>Source Files</Filter>
    </ClCompile>
    <ClCompile Include="leveldb\util\bloom.cc">
      <Filter>Source Files</Filter>
    </ClCompile>
    <ClCompile Include="leveldb\util\cache.cc">
      <Filter>Source Files</Filter>
    </ClCompile>
    <ClCompile Include="leveldb\util\coding.cc">
      <Filter>Source Files</Filter>
    </ClCompile>
    <ClCompile Include="leveldb\util\comparator.cc">
      <Filter>Source Files</Filter>
    </ClCompile>
    <ClCompile Include="leveldb\util\crc32c.cc">
      <Filter>Source Files</Filter>
    </ClCompile>
    <ClCompile Include="leveldb\util\env.cc">
      <Filter>Source Files</Filter>
    </ClCompile>
    <ClCompile Include="leveldb\util\env_posix.cc">
      <Filter>Source Files</Filter>
    </ClCompile>
    <ClCompile Include="leveldb\util\env_win.cc">
      <Filter>Source Files</Filter>
    </ClCompile>
    <ClCompile Include="leveldb\util\filter_policy.cc">
      <Filter>Source Files</Filter>
    </ClCompile>
    <ClCompile Include="leveldb\util\hash.cc">
      <Filter>Source Files</Filter>
    </ClCompile>
    <ClCompile Include="leveldb\util\histogram.cc">
      <Filter>Source Files</Filter>
    </ClCompile>
    <ClCompile Include="leveldb\util\logging.cc">
      <Filter>Source Files</Filter>
    </ClCompile>
    <ClCompile Include="leveldb\util\options.cc">
      <Filter>Source Files</Filter>
    </ClCompile>
    <ClCompile Include="leveldb\util\status.cc">
      <Filter>Source Files</Filter>
    </ClCompile>
  </ItemGroup>
</Project>