<?xml version="1.0" encoding="utf-8"?>
<Project ToolsVersion="4.0" xmlns="http://schemas.microsoft.com/developer/msbuild/2003">
  <ItemGroup>
    <Filter Include="Source Files">
      <UniqueIdentifier>{4FC737F1-C7A5-4376-A066-2A32D752A2FF}</UniqueIdentifier>
      <Extensions>cpp;c;cc;cxx;def;odl;idl;hpj;bat;asm;asmx</Extensions>
    </Filter>
    <Filter Include="Header Files">
      <UniqueIdentifier>{93995380-89BD-4b04-88EB-625FBE52EBFB}</UniqueIdentifier>
      <Extensions>h;hh;hpp;hxx;hm;inl;inc;xsd</Extensions>
    </Filter>
    <Filter Include="Source Files\consensus">
      <UniqueIdentifier>{4e29c098-795a-4fc5-9cfa-9425c2cd7df5}</UniqueIdentifier>
    </Filter>
    <Filter Include="Source Files\policy">
      <UniqueIdentifier>{6847566f-be47-47a6-b46c-7691ca6decb6}</UniqueIdentifier>
    </Filter>
    <Filter Include="Source Files\rpc">
      <UniqueIdentifier>{aee1ca2e-f06a-4a2e-a977-4e0a027463be}</UniqueIdentifier>
    </Filter>
    <Filter Include="Source Files\script">
      <UniqueIdentifier>{0609d4a6-b520-4e2a-8427-40ce81870f7f}</UniqueIdentifier>
    </Filter>
  </ItemGroup>
  <ItemGroup>
    <ClCompile Include="consensus\tx_verify.cpp">
      <Filter>Source Files\consensus</Filter>
    </ClCompile>
    <ClCompile Include="policy\fees.cpp">
      <Filter>Source Files\policy</Filter>
    </ClCompile>
    <ClCompile Include="policy\policy.cpp">
      <Filter>Source Files\policy</Filter>
    </ClCompile>
    <ClCompile Include="policy\rbf.cpp">
      <Filter>Source Files\policy</Filter>
    </ClCompile>
    <ClCompile Include="rpc\blockchain.cpp">
      <Filter>Source Files\rpc</Filter>
    </ClCompile>
    <ClCompile Include="rpc\mining.cpp">
      <Filter>Source Files\rpc</Filter>
    </ClCompile>
    <ClCompile Include="rpc\misc.cpp">
      <Filter>Source Files\rpc</Filter>
    </ClCompile>
    <ClCompile Include="rpc\rawtransaction.cpp">
      <Filter>Source Files\rpc</Filter>
    </ClCompile>
    <ClCompile Include="rpc\safemode.cpp">
      <Filter>Source Files\rpc</Filter>
    </ClCompile>
    <ClCompile Include="rpc\server.cpp">
      <Filter>Source Files\rpc</Filter>
    </ClCompile>
    <ClCompile Include="script\sigcache.cpp">
      <Filter>Source Files\script</Filter>
    </ClCompile>
    <ClCompile Include="addrdb.cpp">
      <Filter>Source Files</Filter>
    </ClCompile>
    <ClCompile Include="addrman.cpp">
      <Filter>Source Files</Filter>
    </ClCompile>
    <ClCompile Include="blockencodings.cpp">
      <Filter>Source Files</Filter>
    </ClCompile>
    <ClCompile Include="bloom.cpp">
      <Filter>Source Files</Filter>
    </ClCompile>
    <ClCompile Include="chain.cpp">
      <Filter>Source Files</Filter>
    </ClCompile>
    <ClCompile Include="checkpoints.cpp">
      <Filter>Source Files</Filter>
    </ClCompile>
    <ClCompile Include="dbwrapper.cpp">
      <Filter>Source Files</Filter>
    </ClCompile>
    <ClCompile Include="httprpc.cpp">
      <Filter>Source Files</Filter>
    </ClCompile>
    <ClCompile Include="httpserver.cpp">
      <Filter>Source Files</Filter>
    </ClCompile>
    <ClCompile Include="init.cpp">
      <Filter>Source Files</Filter>
    </ClCompile>
    <ClCompile Include="merkleblock.cpp">
      <Filter>Source Files</Filter>
    </ClCompile>
    <ClCompile Include="miner.cpp">
      <Filter>Source Files</Filter>
    </ClCompile>
    <ClCompile Include="net.cpp">
      <Filter>Source Files</Filter>
    </ClCompile>
    <ClCompile Include="net_processing.cpp">
      <Filter>Source Files</Filter>
    </ClCompile>
    <ClCompile Include="noui.cpp">
      <Filter>Source Files</Filter>
    </ClCompile>
    <ClCompile Include="pow.cpp">
      <Filter>Source Files</Filter>
    </ClCompile>
    <ClCompile Include="rest.cpp">
      <Filter>Source Files</Filter>
    </ClCompile>
    <ClCompile Include="timedata.cpp">
      <Filter>Source Files</Filter>
    </ClCompile>
    <ClCompile Include="torcontrol.cpp">
      <Filter>Source Files</Filter>
    </ClCompile>
    <ClCompile Include="txdb.cpp">
      <Filter>Source Files</Filter>
    </ClCompile>
    <ClCompile Include="txmempool.cpp">
      <Filter>Source Files</Filter>
    </ClCompile>
    <ClCompile Include="ui_interface.cpp">
      <Filter>Source Files</Filter>
    </ClCompile>
    <ClCompile Include="validation.cpp">
      <Filter>Source Files</Filter>
    </ClCompile>
    <ClCompile Include="validationinterface.cpp">
      <Filter>Source Files</Filter>
    </ClCompile>
    <ClCompile Include="versionbits.cpp">
      <Filter>Source Files</Filter>
    </ClCompile>
    <ClCompile Include="rpc\net_rpc.cpp">
      <Filter>Source Files\rpc</Filter>
    </ClCompile>
  </ItemGroup>
</Project>